<?xml version="1.0" encoding="utf-8"?>
<Project ToolsVersion="4.0" xmlns="http://schemas.microsoft.com/developer/msbuild/2003">
  <ItemGroup>
    <Filter Include="SDL2">
      <UniqueIdentifier>{3ABE8B7C-26F5-8C0D-CFE1-7210BBF7080F}</UniqueIdentifier>
    </Filter>
    <Filter Include="SDL2\include">
      <UniqueIdentifier>{AD7F2892-99E2-B736-4268-F0EC2EAA83B9}</UniqueIdentifier>
    </Filter>
    <Filter Include="SDL2_image">
      <UniqueIdentifier>{FC91D787-E849-19D5-5151-F2303D28B4C5}</UniqueIdentifier>
    </Filter>
    <Filter Include="SDL2_image\include">
      <UniqueIdentifier>{6FF5E48F-5BD9-A5E5-C439-A038B03C9067}</UniqueIdentifier>
    </Filter>
    <Filter Include="SDL2_mixer">
      <UniqueIdentifier>{1E241E88-0ADC-5FD5-73E3-38315FBAFAC5}</UniqueIdentifier>
    </Filter>
    <Filter Include="SDL2_mixer\include">
      <UniqueIdentifier>{918924E7-7D6D-E53C-E6CD-DF8FD2D0CFBE}</UniqueIdentifier>
    </Filter>
    <Filter Include="SDL2_ttf">
      <UniqueIdentifier>{07608A3C-F32C-E547-1C46-D3EF08721AD6}</UniqueIdentifier>
    </Filter>
    <Filter Include="SDL2_ttf\include">
      <UniqueIdentifier>{7A9EDEFA-6697-FD4C-8FC9-E2D17B21DD58}</UniqueIdentifier>
    </Filter>
  </ItemGroup>
  <ItemGroup>
    <ClInclude Include="Source\AppleItem.h" />
    <ClInclude Include="Source\AppleSpawner.h" />
    <ClInclude Include="Source\BoardBrain.h" />
    <ClInclude Include="Source\BoardRenderer.h" />
    <ClInclude Include="Source\BoardTile.h" />
    <ClInclude Include="Source\Configs.h" />
    <ClInclude Include="Source\Game.h" />
    <ClInclude Include="Source\InputManager.h" />
    <ClInclude Include="Source\ItemTemplate.h" />
    <ClInclude Include="Source\SDL2\include\SDL.h">
      <Filter>SDL2\include</Filter>
    </ClInclude>
    <ClInclude Include="Source\SDL2\include\SDL_assert.h">
      <Filter>SDL2\include</Filter>
    </ClInclude>
    <ClInclude Include="Source\SDL2\include\SDL_atomic.h">
      <Filter>SDL2\include</Filter>
    </ClInclude>
    <ClInclude Include="Source\SDL2\include\SDL_audio.h">
      <Filter>SDL2\include</Filter>
    </ClInclude>
    <ClInclude Include="Source\SDL2\include\SDL_bits.h">
      <Filter>SDL2\include</Filter>
    </ClInclude>
    <ClInclude Include="Source\SDL2\include\SDL_blendmode.h">
      <Filter>SDL2\include</Filter>
    </ClInclude>
    <ClInclude Include="Source\SDL2\include\SDL_clipboard.h">
      <Filter>SDL2\include</Filter>
    </ClInclude>
    <ClInclude Include="Source\SDL2\include\SDL_config.h">
      <Filter>SDL2\include</Filter>
    </ClInclude>
    <ClInclude Include="Source\SDL2\include\SDL_config_android.h">
      <Filter>SDL2\include</Filter>
    </ClInclude>
    <ClInclude Include="Source\SDL2\include\SDL_config_iphoneos.h">
      <Filter>SDL2\include</Filter>
    </ClInclude>
    <ClInclude Include="Source\SDL2\include\SDL_config_macosx.h">
      <Filter>SDL2\include</Filter>
    </ClInclude>
    <ClInclude Include="Source\SDL2\include\SDL_config_minimal.h">
      <Filter>SDL2\include</Filter>
    </ClInclude>
    <ClInclude Include="Source\SDL2\include\SDL_config_pandora.h">
      <Filter>SDL2\include</Filter>
    </ClInclude>
    <ClInclude Include="Source\SDL2\include\SDL_config_psp.h">
      <Filter>SDL2\include</Filter>
    </ClInclude>
    <ClInclude Include="Source\SDL2\include\SDL_config_windows.h">
      <Filter>SDL2\include</Filter>
    </ClInclude>
    <ClInclude Include="Source\SDL2\include\SDL_config_winrt.h">
      <Filter>SDL2\include</Filter>
    </ClInclude>
    <ClInclude Include="Source\SDL2\include\SDL_config_wiz.h">
      <Filter>SDL2\include</Filter>
    </ClInclude>
    <ClInclude Include="Source\SDL2\include\SDL_copying.h">
      <Filter>SDL2\include</Filter>
    </ClInclude>
    <ClInclude Include="Source\SDL2\include\SDL_cpuinfo.h">
      <Filter>SDL2\include</Filter>
    </ClInclude>
    <ClInclude Include="Source\SDL2\include\SDL_egl.h">
      <Filter>SDL2\include</Filter>
    </ClInclude>
    <ClInclude Include="Source\SDL2\include\SDL_endian.h">
      <Filter>SDL2\include</Filter>
    </ClInclude>
    <ClInclude Include="Source\SDL2\include\SDL_error.h">
      <Filter>SDL2\include</Filter>
    </ClInclude>
    <ClInclude Include="Source\SDL2\include\SDL_events.h">
      <Filter>SDL2\include</Filter>
    </ClInclude>
    <ClInclude Include="Source\SDL2\include\SDL_filesystem.h">
      <Filter>SDL2\include</Filter>
    </ClInclude>
    <ClInclude Include="Source\SDL2\include\SDL_gamecontroller.h">
      <Filter>SDL2\include</Filter>
    </ClInclude>
    <ClInclude Include="Source\SDL2\include\SDL_gesture.h">
      <Filter>SDL2\include</Filter>
    </ClInclude>
    <ClInclude Include="Source\SDL2\include\SDL_guid.h">
      <Filter>SDL2\include</Filter>
    </ClInclude>
    <ClInclude Include="Source\SDL2\include\SDL_haptic.h">
      <Filter>SDL2\include</Filter>
    </ClInclude>
    <ClInclude Include="Source\SDL2\include\SDL_hidapi.h">
      <Filter>SDL2\include</Filter>
    </ClInclude>
    <ClInclude Include="Source\SDL2\include\SDL_hints.h">
      <Filter>SDL2\include</Filter>
    </ClInclude>
    <ClInclude Include="Source\SDL2\include\SDL_joystick.h">
      <Filter>SDL2\include</Filter>
    </ClInclude>
    <ClInclude Include="Source\SDL2\include\SDL_keyboard.h">
      <Filter>SDL2\include</Filter>
    </ClInclude>
    <ClInclude Include="Source\SDL2\include\SDL_keycode.h">
      <Filter>SDL2\include</Filter>
    </ClInclude>
    <ClInclude Include="Source\SDL2\include\SDL_loadso.h">
      <Filter>SDL2\include</Filter>
    </ClInclude>
    <ClInclude Include="Source\SDL2\include\SDL_locale.h">
      <Filter>SDL2\include</Filter>
    </ClInclude>
    <ClInclude Include="Source\SDL2\include\SDL_log.h">
      <Filter>SDL2\include</Filter>
    </ClInclude>
    <ClInclude Include="Source\SDL2\include\SDL_main.h">
      <Filter>SDL2\include</Filter>
    </ClInclude>
    <ClInclude Include="Source\SDL2\include\SDL_messagebox.h">
      <Filter>SDL2\include</Filter>
    </ClInclude>
    <ClInclude Include="Source\SDL2\include\SDL_metal.h">
      <Filter>SDL2\include</Filter>
    </ClInclude>
    <ClInclude Include="Source\SDL2\include\SDL_misc.h">
      <Filter>SDL2\include</Filter>
    </ClInclude>
    <ClInclude Include="Source\SDL2\include\SDL_mouse.h">
      <Filter>SDL2\include</Filter>
    </ClInclude>
    <ClInclude Include="Source\SDL2\include\SDL_mutex.h">
      <Filter>SDL2\include</Filter>
    </ClInclude>
    <ClInclude Include="Source\SDL2\include\SDL_name.h">
      <Filter>SDL2\include</Filter>
    </ClInclude>
    <ClInclude Include="Source\SDL2\include\SDL_opengl.h">
      <Filter>SDL2\include</Filter>
    </ClInclude>
    <ClInclude Include="Source\SDL2\include\SDL_opengl_glext.h">
      <Filter>SDL2\include</Filter>
    </ClInclude>
    <ClInclude Include="Source\SDL2\include\SDL_opengles.h">
      <Filter>SDL2\include</Filter>
    </ClInclude>
    <ClInclude Include="Source\SDL2\include\SDL_opengles2.h">
      <Filter>SDL2\include</Filter>
    </ClInclude>
    <ClInclude Include="Source\SDL2\include\SDL_opengles2_gl2.h">
      <Filter>SDL2\include</Filter>
    </ClInclude>
    <ClInclude Include="Source\SDL2\include\SDL_opengles2_gl2ext.h">
      <Filter>SDL2\include</Filter>
    </ClInclude>
    <ClInclude Include="Source\SDL2\include\SDL_opengles2_gl2platform.h">
      <Filter>SDL2\include</Filter>
    </ClInclude>
    <ClInclude Include="Source\SDL2\include\SDL_opengles2_khrplatform.h">
      <Filter>SDL2\include</Filter>
    </ClInclude>
    <ClInclude Include="Source\SDL2\include\SDL_pixels.h">
      <Filter>SDL2\include</Filter>
    </ClInclude>
    <ClInclude Include="Source\SDL2\include\SDL_platform.h">
      <Filter>SDL2\include</Filter>
    </ClInclude>
    <ClInclude Include="Source\SDL2\include\SDL_power.h">
      <Filter>SDL2\include</Filter>
    </ClInclude>
    <ClInclude Include="Source\SDL2\include\SDL_quit.h">
      <Filter>SDL2\include</Filter>
    </ClInclude>
    <ClInclude Include="Source\SDL2\include\SDL_rect.h">
      <Filter>SDL2\include</Filter>
    </ClInclude>
    <ClInclude Include="Source\SDL2\include\SDL_render.h">
      <Filter>SDL2\include</Filter>
    </ClInclude>
    <ClInclude Include="Source\SDL2\include\SDL_revision.h">
      <Filter>SDL2\include</Filter>
    </ClInclude>
    <ClInclude Include="Source\SDL2\include\SDL_rwops.h">
      <Filter>SDL2\include</Filter>
    </ClInclude>
    <ClInclude Include="Source\SDL2\include\SDL_scancode.h">
      <Filter>SDL2\include</Filter>
    </ClInclude>
    <ClInclude Include="Source\SDL2\include\SDL_sensor.h">
      <Filter>SDL2\include</Filter>
    </ClInclude>
    <ClInclude Include="Source\SDL2\include\SDL_shape.h">
      <Filter>SDL2\include</Filter>
    </ClInclude>
    <ClInclude Include="Source\SDL2\include\SDL_stdinc.h">
      <Filter>SDL2\include</Filter>
    </ClInclude>
    <ClInclude Include="Source\SDL2\include\SDL_surface.h">
      <Filter>SDL2\include</Filter>
    </ClInclude>
    <ClInclude Include="Source\SDL2\include\SDL_system.h">
      <Filter>SDL2\include</Filter>
    </ClInclude>
    <ClInclude Include="Source\SDL2\include\SDL_syswm.h">
      <Filter>SDL2\include</Filter>
    </ClInclude>
    <ClInclude Include="Source\SDL2\include\SDL_test.h">
      <Filter>SDL2\include</Filter>
    </ClInclude>
    <ClInclude Include="Source\SDL2\include\SDL_test_assert.h">
      <Filter>SDL2\include</Filter>
    </ClInclude>
    <ClInclude Include="Source\SDL2\include\SDL_test_common.h">
      <Filter>SDL2\include</Filter>
    </ClInclude>
    <ClInclude Include="Source\SDL2\include\SDL_test_compare.h">
      <Filter>SDL2\include</Filter>
    </ClInclude>
    <ClInclude Include="Source\SDL2\include\SDL_test_crc32.h">
      <Filter>SDL2\include</Filter>
    </ClInclude>
    <ClInclude Include="Source\SDL2\include\SDL_test_font.h">
      <Filter>SDL2\include</Filter>
    </ClInclude>
    <ClInclude Include="Source\SDL2\include\SDL_test_fuzzer.h">
      <Filter>SDL2\include</Filter>
    </ClInclude>
    <ClInclude Include="Source\SDL2\include\SDL_test_harness.h">
      <Filter>SDL2\include</Filter>
    </ClInclude>
    <ClInclude Include="Source\SDL2\include\SDL_test_images.h">
      <Filter>SDL2\include</Filter>
    </ClInclude>
    <ClInclude Include="Source\SDL2\include\SDL_test_log.h">
      <Filter>SDL2\include</Filter>
    </ClInclude>
    <ClInclude Include="Source\SDL2\include\SDL_test_md5.h">
      <Filter>SDL2\include</Filter>
    </ClInclude>
    <ClInclude Include="Source\SDL2\include\SDL_test_memory.h">
      <Filter>SDL2\include</Filter>
    </ClInclude>
    <ClInclude Include="Source\SDL2\include\SDL_test_random.h">
      <Filter>SDL2\include</Filter>
    </ClInclude>
    <ClInclude Include="Source\SDL2\include\SDL_thread.h">
      <Filter>SDL2\include</Filter>
    </ClInclude>
    <ClInclude Include="Source\SDL2\include\SDL_timer.h">
      <Filter>SDL2\include</Filter>
    </ClInclude>
    <ClInclude Include="Source\SDL2\include\SDL_touch.h">
      <Filter>SDL2\include</Filter>
    </ClInclude>
    <ClInclude Include="Source\SDL2\include\SDL_types.h">
      <Filter>SDL2\include</Filter>
    </ClInclude>
    <ClInclude Include="Source\SDL2\include\SDL_version.h">
      <Filter>SDL2\include</Filter>
    </ClInclude>
    <ClInclude Include="Source\SDL2\include\SDL_video.h">
      <Filter>SDL2\include</Filter>
    </ClInclude>
    <ClInclude Include="Source\SDL2\include\SDL_vulkan.h">
      <Filter>SDL2\include</Filter>
    </ClInclude>
    <ClInclude Include="Source\SDL2\include\begin_code.h">
      <Filter>SDL2\include</Filter>
    </ClInclude>
    <ClInclude Include="Source\SDL2\include\close_code.h">
      <Filter>SDL2\include</Filter>
    </ClInclude>
    <ClInclude Include="Source\SDL2_image\include\SDL_image.h">
      <Filter>SDL2_image\include</Filter>
    </ClInclude>
    <ClInclude Include="Source\SDL2_mixer\include\SDL_mixer.h">
      <Filter>SDL2_mixer\include</Filter>
    </ClInclude>
    <ClInclude Include="Source\SDL2_ttf\include\SDL_ttf.h">
      <Filter>SDL2_ttf\include</Filter>
    </ClInclude>
    <ClInclude Include="Source\Singletons.h" />
    <ClInclude Include="Source\Snake.h" />
    <ClInclude Include="Source\SnakeBodyPart.h" />
    <ClInclude Include="Source\SnakeMovement.h" />
    <ClInclude Include="Source\TextureManager.h" />
  </ItemGroup>
  <ItemGroup>
    <ClCompile Include="Source\AppleItem.cpp" />
    <ClCompile Include="Source\AppleSpawner.cpp" />
    <ClCompile Include="Source\BoardBrain.cpp" />
    <ClCompile Include="Source\BoardRenderer.cpp" />
    <ClCompile Include="Source\BoardTile.cpp" />
    <ClCompile Include="Source\Game.cpp" />
    <ClCompile Include="Source\InputManager.cpp" />
    <ClCompile Include="Source\ItemTemplate.cpp" />
    <ClCompile Include="Source\Singletons.cpp" />
    <ClCompile Include="Source\Snake.cpp" />
    <ClCompile Include="Source\SnakeBodyPart.cpp" />
    <ClCompile Include="Source\SnakeMovement.cpp" />
    <ClCompile Include="Source\TextureManager.cpp" />
    <ClCompile Include="Source\main.cpp" />
  </ItemGroup>
</Project>